
Microsoft Visual Studio Solution File, Format Version 12.00
# Visual Studio Version 17
VisualStudioVersion = 17.8.34330.188
MinimumVisualStudioVersion = 10.0.40219.1
Project("{FAE04EC0-301F-11D3-BF4B-00C04F79EFBC}") = "soa_mvc", "soa_mvc\soa_mvc.csproj", "{2EB5D0B6-DB9D-4744-97D3-FC87519AEE33}"
EndProject
Global
	GlobalSection(SolutionConfigurationPlatforms) = preSolution
		Debug|Any CPU = Debug|Any CPU
		Release|Any CPU = Release|Any CPU
	EndGlobalSection
	GlobalSection(ProjectConfigurationPlatforms) = postSolution
		{2EB5D0B6-DB9D-4744-97D3-FC87519AEE33}.Debug|Any CPU.ActiveCfg = Debug|Any CPU
		{2EB5D0B6-DB9D-4744-97D3-FC87519AEE33}.Debug|Any CPU.Build.0 = Debug|Any CPU
		{2EB5D0B6-DB9D-4744-97D3-FC87519AEE33}.Release|Any CPU.ActiveCfg = Release|Any CPU
		{2EB5D0B6-DB9D-4744-97D3-FC87519AEE33}.Release|Any CPU.Build.0 = Release|Any CPU
	EndGlobalSection
	GlobalSection(SolutionProperties) = preSolution
		HideSolutionNode = FALSE
	EndGlobalSection
	GlobalSection(ExtensibilityGlobals) = postSolution
		SolutionGuid = {32B40A5E-F45A-487B-850B-ED98E2543DCA}
	EndGlobalSection
EndGlobal
